# This file was autogenerated by Stack.
# You should not edit this file by hand.
# For more information, please see the documentation at:
#   https://docs.haskellstack.org/en/stable/lock_files

packages:
- completed:
    hackage: avers-0.0.17.1@sha256:c17b8995b33e9021d53848b48fa53504fe3c95513e9a146c75de6493a27ddf0e,3674
    pantry-tree:
      size: 1149
      sha256: 3f9bb70b0cde91261b9108aa770f6602569dd1134645d1aa5c05899c21e232d8
  original:
    hackage: avers-0.0.17.1
- completed:
    hackage: avers-api-0.1.0@sha256:c92b31a7731545645f11269b4cac6786e4a417dbc98f6847fd2436af4474bc49,992
    pantry-tree:
      size: 406
      sha256: 7964a2bf7f87aa3a5c9f59eabbbd1034138e2e453f6eb630d0a8e16d2fcc505f
  original:
    hackage: avers-api-0.1.0
- completed:
    hackage: avers-server-0.1.0@sha256:f28d27222005e48fbd5c9955d7a95dd31e2ae327fb73e761531db92abfc9a428,1209
    pantry-tree:
      size: 361
      sha256: fe46266c921145259f3882462addc9e5cde976218e829b1a27d2ebd174c6da8d
  original:
    hackage: avers-server-0.1.0
snapshots:
- completed:
    size: 506735
    url: https://raw.githubusercontent.com/commercialhaskell/stackage-snapshots/master/lts/12/19.yaml
    sha256: 78de20c2fce471a4c4a19e935e216538e7f0308f6f15ad72aedc5484de45f09b
  original: lts-12.19
